# THIS IS AN AUTOGENERATED FILE. DO NOT EDIT THIS FILE DIRECTLY.
# yarn lockfile v1


"@vue/devtools-api@^6.0.0-beta.18":
  version "6.2.0"
  resolved "https://registry.yarnpkg.com/@vue/devtools-api/-/devtools-api-6.2.0.tgz#e3dc98a0cce8e87292745e2d24c9ee8c274a023b"
  integrity sha512-pF1G4wky+hkifDiZSWn8xfuLOJI1ZXtuambpBEYaf7Xaf6zC/pM29rvAGpd3qaGXnr4BAXU1Pxz/VfvBGwexGA==

pinia@^2.0.0-rc.10:
  version "2.0.0-rc.10"
  resolved "https://registry.yarnpkg.com/pinia/-/pinia-2.0.0-rc.10.tgz#81e823931897a4cf5c53c113d0c0e63b7bba9973"
  integrity sha512-WY0KQoHxSBylhGc6aBQKPFfAupYHWpI1QBQKJSyK9btwwMTVQpwCdePgPho+ZoEMl832jb7RwfI5TN1srV5VEA==
  dependencies:
    "@vue/devtools-api" "^6.0.0-beta.18"
    vue-demi "*"

vue-demi@*:
  version "0.13.2"
  resolved "https://registry.yarnpkg.com/vue-demi/-/vue-demi-0.13.2.tgz#f6081c2feb5b698549729a81683ce029b8da289e"
  integrity sha512-41ukrclEbMddAyP7PvxMSYqnOSzPV6r7GNnyTSKSCNTaz19GehxmTiXyP9kwHSUv2+Dr6hHqiUiF7L1VAw2KdQ==
